<?xml version="1.0" encoding="utf-8"?>
<Project ToolsVersion="4.0" xmlns="http://schemas.microsoft.com/developer/msbuild/2003">
  <ItemGroup>
    <Filter Include="Source Files">
      <UniqueIdentifier>{4FC737F1-C7A5-4376-A066-2A32D752A2FF}</UniqueIdentifier>
      <Extensions>cpp;c;cc;cxx;c++;cppm;ixx;def;odl;idl;hpj;bat;asm;asmx</Extensions>
    </Filter>
    <Filter Include="Header Files">
      <UniqueIdentifier>{93995380-89BD-4b04-88EB-625FBE52EBFB}</UniqueIdentifier>
      <Extensions>h;hh;hpp;hxx;h++;hm;inl;inc;ipp;xsd</Extensions>
    </Filter>
    <Filter Include="Resource Files">
      <UniqueIdentifier>{67DA6AB6-F800-4c08-8B7A-83BB121AAD01}</UniqueIdentifier>
      <Extensions>rc;ico;cur;bmp;dlg;rc2;rct;bin;rgs;gif;jpg;jpeg;jpe;resx;tiff;tif;png;wav;mfcribbon-ms</Extensions>
    </Filter>
    <Filter Include="Source Files\STD">
      <UniqueIdentifier>{1f0adc9d-2875-4bf4-8d19-98c7362c4d73}</UniqueIdentifier>
    </Filter>
    <Filter Include="Source Files\Spoonity">
      <UniqueIdentifier>{a2e605d2-06ca-47bc-a04c-3ad16ba9c0d9}</UniqueIdentifier>
    </Filter>
    <Filter Include="Header Files\Spoonity">
      <UniqueIdentifier>{389803dd-ec07-448f-9adb-e27924be0ca5}</UniqueIdentifier>
    </Filter>
    <Filter Include="Header Files\STD">
      <UniqueIdentifier>{374e7746-111e-4f1f-95c5-3ef4ab26a0d5}</UniqueIdentifier>
    </Filter>
    <Filter Include="Header Files\Spoonity\Graphics">
      <UniqueIdentifier>{b53020c9-c24b-414c-8034-802eff9eaf6f}</UniqueIdentifier>
    </Filter>
    <Filter Include="Header Files\Spoonity\Input">
      <UniqueIdentifier>{68668785-3b80-454e-b05f-3bcdd06556c2}</UniqueIdentifier>
    </Filter>
    <Filter Include="Header Files\Spoonity\Model Loading">
      <UniqueIdentifier>{cdcdef78-66df-4c3a-a304-98baa24badab}</UniqueIdentifier>
    </Filter>
    <Filter Include="Source Files\Spoonity\Graphics">
      <UniqueIdentifier>{439ca44d-5ae4-4efd-9093-ef1d93090091}</UniqueIdentifier>
    </Filter>
    <Filter Include="Source Files\Spoonity\Model Loading">
      <UniqueIdentifier>{74851299-29b2-42dc-aca7-5c8e4d849c13}</UniqueIdentifier>
    </Filter>
    <Filter Include="Header Files\Spoonity\Event System">
      <UniqueIdentifier>{f707b4fc-2b29-458e-8641-95fd99f06ea5}</UniqueIdentifier>
    </Filter>
    <Filter Include="Header Files\Spoonity\Physics">
      <UniqueIdentifier>{d56ded26-3594-4e02-b1ac-f0368244993f}</UniqueIdentifier>
    </Filter>
    <Filter Include="Source Files\Spoonity\Physics">
      <UniqueIdentifier>{14eb860b-6bf6-4032-8fad-3f21f6a4bc47}</UniqueIdentifier>
    </Filter>
    <Filter Include="Header Files\Spoonity\Utility">
      <UniqueIdentifier>{0a8a8ed5-dd4d-4a4f-bb28-171865fe2c22}</UniqueIdentifier>
    </Filter>
    <Filter Include="Header Files\Spoonity\Event System\Events">
      <UniqueIdentifier>{1f0f0b9b-c62c-4121-a794-3e0528892bbb}</UniqueIdentifier>
    </Filter>
    <Filter Include="Header Files\STD\Events">
      <UniqueIdentifier>{74af004f-d32c-4152-bd62-9c08e4275d11}</UniqueIdentifier>
    </Filter>
    <Filter Include="Source Files\Spoonity\Event System">
      <UniqueIdentifier>{46fa5bcb-9aed-4022-bad1-b57216c4496e}</UniqueIdentifier>
    </Filter>
    <Filter Include="Header Files\STD\Game Objects">
      <UniqueIdentifier>{657edff8-8224-4d00-94a1-d046a6994429}</UniqueIdentifier>
    </Filter>
    <Filter Include="Header Files\Spoonity\Game Objects">
      <UniqueIdentifier>{08b0e92d-0f68-47b7-99c0-04b138889969}</UniqueIdentifier>
    </Filter>
    <Filter Include="Header Files\Spoonity\Game Objects\Enums">
      <UniqueIdentifier>{46aea58e-5aac-42a1-805d-3121eb2f24a9}</UniqueIdentifier>
    </Filter>
    <Filter Include="Source Files\Spoonity\Game Objects">
      <UniqueIdentifier>{c4e7dca2-8495-422c-98e9-e8107a2365ae}</UniqueIdentifier>
    </Filter>
    <Filter Include="Source Files\STD\Game Objects">
      <UniqueIdentifier>{7f23d1c9-7776-4740-86c9-b1e3967907e9}</UniqueIdentifier>
    </Filter>
    <Filter Include="Header Files\STD\Game Objects\Weapons">
      <UniqueIdentifier>{387b61ed-ebe5-424a-9bd9-cbe310e1a1da}</UniqueIdentifier>
    </Filter>
    <Filter Include="Source Files\STD\Game Objects\Weapons">
      <UniqueIdentifier>{6734316d-bb1e-4659-85f1-c462498a502f}</UniqueIdentifier>
    </Filter>
    <Filter Include="Header Files\STD\AI">
      <UniqueIdentifier>{63607baf-3ba0-4129-911e-6ae96d49d077}</UniqueIdentifier>
    </Filter>
    <Filter Include="Source Files\STD\AI">
      <UniqueIdentifier>{6843a852-1279-4e40-838b-bb26a1b9dea1}</UniqueIdentifier>
    </Filter>
    <Filter Include="Header Files\STD\Scenes">
      <UniqueIdentifier>{92bba4cb-fb44-44e6-90b2-2daab50476eb}</UniqueIdentifier>
    </Filter>
    <Filter Include="Source Files\STD\Scenes">
      <UniqueIdentifier>{951fe81a-27ef-4015-a4d1-699d5f77a316}</UniqueIdentifier>
    </Filter>
    <Filter Include="Header Files\Spoonity\Audio">
      <UniqueIdentifier>{5e424dcf-e29d-43ba-b36d-8e7e9ac4b004}</UniqueIdentifier>
    </Filter>
    <Filter Include="Source Files\Spoonity\Audio">
      <UniqueIdentifier>{6f2db415-bc76-4e26-bc9c-779c5831e184}</UniqueIdentifier>
    </Filter>
    <Filter Include="Header Files\Spoonity\UI">
      <UniqueIdentifier>{653a938e-c629-48bd-a7e7-d5f1dfc00c61}</UniqueIdentifier>
    </Filter>
    <Filter Include="Source Files\Spoonity\UI">
      <UniqueIdentifier>{08200ef4-5c8e-4b44-b0be-04e263da395b}</UniqueIdentifier>
    </Filter>
  </ItemGroup>
  <ItemGroup>
    <ClInclude Include="Engine.h">
      <Filter>Header Files\Spoonity</Filter>
    </ClInclude>
    <ClInclude Include="Game.h">
      <Filter>Header Files\STD</Filter>
    </ClInclude>
    <ClInclude Include="Actor.h">
      <Filter>Header Files\Spoonity\Game Objects</Filter>
    </ClInclude>
    <ClInclude Include="Entity.h">
      <Filter>Header Files\Spoonity\Game Objects</Filter>
    </ClInclude>
    <ClInclude Include="GameObject.h">
      <Filter>Header Files\Spoonity\Game Objects</Filter>
    </ClInclude>
    <ClInclude Include="Skybox.h">
      <Filter>Header Files\Spoonity\Game Objects</Filter>
    </ClInclude>
    <ClInclude Include="Camera.h">
      <Filter>Header Files\Spoonity\Graphics</Filter>
    </ClInclude>
    <ClInclude Include="Renderer.h">
      <Filter>Header Files\Spoonity\Graphics</Filter>
    </ClInclude>
    <ClInclude Include="Scene.h">
      <Filter>Header Files\Spoonity\Graphics</Filter>
    </ClInclude>
    <ClInclude Include="Shader.h">
      <Filter>Header Files\Spoonity\Graphics</Filter>
    </ClInclude>
    <ClInclude Include="stb_image.h">
      <Filter>Header Files\Spoonity\Graphics</Filter>
    </ClInclude>
    <ClInclude Include="Window.h">
      <Filter>Header Files\Spoonity\Graphics</Filter>
    </ClInclude>
    <ClInclude Include="Input.h">
      <Filter>Header Files\Spoonity\Input</Filter>
    </ClInclude>
    <ClInclude Include="MouseCode.h">
      <Filter>Header Files\Spoonity\Input</Filter>
    </ClInclude>
    <ClInclude Include="Model.h">
      <Filter>Header Files\Spoonity\Model Loading</Filter>
    </ClInclude>
    <ClInclude Include="Mesh.h">
      <Filter>Header Files\Spoonity\Model Loading</Filter>
    </ClInclude>
    <ClInclude Include="Player.h">
      <Filter>Header Files\STD\Game Objects</Filter>
    </ClInclude>
    <ClInclude Include="Dispatcher.h">
      <Filter>Header Files\Spoonity\Event System</Filter>
    </ClInclude>
    <ClInclude Include="Event.h">
      <Filter>Header Files\Spoonity\Event System</Filter>
    </ClInclude>
    <ClInclude Include="EventType.h">
      <Filter>Header Files\Spoonity\Event System</Filter>
    </ClInclude>
    <ClInclude Include="Observer.h">
      <Filter>Header Files\Spoonity\Event System</Filter>
    </ClInclude>
    <ClInclude Include="PassType.h">
      <Filter>Header Files\Spoonity\Game Objects\Enums</Filter>
    </ClInclude>
    <ClInclude Include="Transform.h">
      <Filter>Header Files\Spoonity\Physics</Filter>
    </ClInclude>
    <ClInclude Include="WorldDirections.h">
      <Filter>Header Files\Spoonity\Utility</Filter>
    </ClInclude>
    <ClInclude Include="Collider.h">
      <Filter>Header Files\Spoonity\Physics</Filter>
    </ClInclude>
    <ClInclude Include="Physics.h">
      <Filter>Header Files\Spoonity\Physics</Filter>
    </ClInclude>
    <ClInclude Include="PhysicsConstants.h">
      <Filter>Header Files\Spoonity\Physics</Filter>
    </ClInclude>
    <ClInclude Include="RigidBody.h">
      <Filter>Header Files\Spoonity\Physics</Filter>
    </ClInclude>
    <ClInclude Include="BulletDebugDrawer.h">
      <Filter>Header Files\Spoonity\Graphics</Filter>
    </ClInclude>
    <ClInclude Include="DamageEvent.h">
      <Filter>Header Files\STD\Events</Filter>
    </ClInclude>
    <ClInclude Include="GameEventType.h">
      <Filter>Header Files\STD\Events</Filter>
    </ClInclude>
    <ClInclude Include="Weapon.h">
      <Filter>Header Files\STD\Game Objects</Filter>
    </ClInclude>
    <ClInclude Include="AssaultRifle.h">
      <Filter>Header Files\STD\Game Objects\Weapons</Filter>
    </ClInclude>
    <ClInclude Include="PhysicsEntity.h">
      <Filter>Header Files\Spoonity\Game Objects</Filter>
    </ClInclude>
    <ClInclude Include="Zombie.h">
      <Filter>Header Files\STD\Game Objects</Filter>
    </ClInclude>
    <ClInclude Include="SteeringOutput.h">
      <Filter>Header Files\STD\AI</Filter>
    </ClInclude>
    <ClInclude Include="Seek.h">
      <Filter>Header Files\STD\AI</Filter>
    </ClInclude>
    <ClInclude Include="Align.h">
      <Filter>Header Files\STD\AI</Filter>
    </ClInclude>
    <ClInclude Include="BlendedSteering.h">
      <Filter>Header Files\STD\AI</Filter>
    </ClInclude>
    <ClInclude Include="MathConstants.h">
      <Filter>Header Files\Spoonity\Utility</Filter>
    </ClInclude>
    <ClInclude Include="Overworld.h">
      <Filter>Header Files\STD\Scenes</Filter>
    </ClInclude>
    <ClInclude Include="ScoreEvent.h">
      <Filter>Header Files\STD\Events</Filter>
    </ClInclude>
    <ClInclude Include="PlayerDamageEvent.h">
      <Filter>Header Files\STD\Events</Filter>
    </ClInclude>
    <ClInclude Include="MusicBuffer.h">
      <Filter>Header Files\Spoonity\Audio</Filter>
    </ClInclude>
    <ClInclude Include="SoundDevice.h">
      <Filter>Header Files\Spoonity\Audio</Filter>
    </ClInclude>
    <ClInclude Include="SoundEffectsLibrary.h">
      <Filter>Header Files\Spoonity\Audio</Filter>
    </ClInclude>
    <ClInclude Include="SoundEffectsPlayer.h">
      <Filter>Header Files\Spoonity\Audio</Filter>
    </ClInclude>
    <ClInclude Include="PlaySoundEvent.h">
      <Filter>Header Files\STD\Events</Filter>
    </ClInclude>
    <ClInclude Include="OpenALErrorCheck.h">
      <Filter>Header Files\Spoonity\Audio</Filter>
    </ClInclude>
    <ClInclude Include="imgui_impl_glfw.h">
      <Filter>Header Files\Spoonity\UI</Filter>
    </ClInclude>
    <ClInclude Include="imgui_impl_opengl3.h">
      <Filter>Header Files\Spoonity\UI</Filter>
    </ClInclude>
    <ClInclude Include="ImGUIWindow.h">
      <Filter>Header Files\Spoonity\UI</Filter>
    </ClInclude>
  </ItemGroup>
  <ItemGroup>
    <ClCompile Include="main.cpp">
      <Filter>Source Files</Filter>
    </ClCompile>
    <ClCompile Include="Engine.cpp">
      <Filter>Source Files\Spoonity</Filter>
    </ClCompile>
    <ClCompile Include="Input.cpp">
      <Filter>Source Files\Spoonity</Filter>
    </ClCompile>
    <ClCompile Include="Game.cpp">
      <Filter>Source Files\STD</Filter>
    </ClCompile>
    <ClCompile Include="Actor.cpp">
      <Filter>Source Files\Spoonity\Game Objects</Filter>
    </ClCompile>
    <ClCompile Include="Entity.cpp">
      <Filter>Source Files\Spoonity\Game Objects</Filter>
    </ClCompile>
    <ClCompile Include="Skybox.cpp">
      <Filter>Source Files\Spoonity\Game Objects</Filter>
    </ClCompile>
    <ClCompile Include="KeyCode.h">
      <Filter>Header Files\Spoonity\Input</Filter>
    </ClCompile>
    <ClCompile Include="Camera.cpp">
      <Filter>Source Files\Spoonity\Graphics</Filter>
    </ClCompile>
    <ClCompile Include="Renderer.cpp">
      <Filter>Source Files\Spoonity\Graphics</Filter>
    </ClCompile>
    <ClCompile Include="Scene.cpp">
      <Filter>Source Files\Spoonity\Graphics</Filter>
    </ClCompile>
    <ClCompile Include="Shader.cpp">
      <Filter>Source Files\Spoonity\Graphics</Filter>
    </ClCompile>
    <ClCompile Include="stb_image.cpp">
      <Filter>Source Files\Spoonity\Graphics</Filter>
    </ClCompile>
    <ClCompile Include="Window.cpp">
      <Filter>Source Files\Spoonity\Graphics</Filter>
    </ClCompile>
    <ClCompile Include="Mesh.cpp">
      <Filter>Source Files\Spoonity\Model Loading</Filter>
    </ClCompile>
    <ClCompile Include="Model.cpp">
      <Filter>Source Files\Spoonity\Model Loading</Filter>
    </ClCompile>
    <ClCompile Include="Player.cpp">
      <Filter>Source Files\STD\Game Objects</Filter>
    </ClCompile>
    <ClCompile Include="Transform.cpp">
      <Filter>Source Files\Spoonity\Physics</Filter>
    </ClCompile>
    <ClCompile Include="Collider.cpp">
      <Filter>Source Files\Spoonity\Physics</Filter>
    </ClCompile>
    <ClCompile Include="Physics.cpp">
      <Filter>Source Files\Spoonity\Physics</Filter>
    </ClCompile>
    <ClCompile Include="RigidBody.cpp">
      <Filter>Source Files\Spoonity\Physics</Filter>
    </ClCompile>
    <ClCompile Include="Dispatcher.cpp">
      <Filter>Source Files\Spoonity\Event System</Filter>
    </ClCompile>
    <ClCompile Include="AssaultRifle.cpp">
      <Filter>Source Files\STD\Game Objects\Weapons</Filter>
    </ClCompile>
    <ClCompile Include="PhysicsEntity.cpp">
      <Filter>Source Files\Spoonity\Game Objects</Filter>
    </ClCompile>
    <ClCompile Include="Zombie.cpp">
      <Filter>Source Files\STD\Game Objects</Filter>
    </ClCompile>
    <ClCompile Include="Seek.cpp">
      <Filter>Source Files\STD\AI</Filter>
    </ClCompile>
    <ClCompile Include="Align.cpp">
      <Filter>Source Files\STD\AI</Filter>
    </ClCompile>
    <ClCompile Include="BlendedSteering.cpp">
      <Filter>Source Files\STD\AI</Filter>
    </ClCompile>
    <ClCompile Include="Overworld.cpp">
      <Filter>Source Files\STD\Scenes</Filter>
    </ClCompile>
    <ClCompile Include="MusicBuffer.cpp">
      <Filter>Source Files\Spoonity\Audio</Filter>
    </ClCompile>
    <ClCompile Include="SoundDevice.cpp">
      <Filter>Source Files\Spoonity\Audio</Filter>
    </ClCompile>
    <ClCompile Include="SoundEffectsLibrary.cpp">
      <Filter>Source Files\Spoonity\Audio</Filter>
    </ClCompile>
    <ClCompile Include="SoundEffectsPlayer.cpp">
      <Filter>Source Files\Spoonity\Audio</Filter>
    </ClCompile>
    <ClCompile Include="imgui_impl_glfw.cpp">
      <Filter>Source Files\Spoonity\UI</Filter>
    </ClCompile>
    <ClCompile Include="imgui_impl_opengl3.cpp">
      <Filter>Source Files\Spoonity\UI</Filter>
    </ClCompile>
    <ClCompile Include="ImGUIWindow.cpp">
      <Filter>Source Files\Spoonity\UI</Filter>
    </ClCompile>
  </ItemGroup>
</Project>